
Microsoft Visual Studio Solution File, Format Version 12.00
# Visual Studio 15
VisualStudioVersion = 15.0.26228.10
MinimumVisualStudioVersion = 10.0.40219.1
Project("{2150E333-8FDC-42A3-9474-1A3956D46DE8}") = "Solution Items", "Solution Items", "{1881DE2A-CEA3-4C69-966D-95A1F08D68E1}"
	ProjectSection(SolutionItems) = preProject
		..\BreakingChanges.txt = ..\BreakingChanges.txt
		..\build.fsx = ..\build.fsx
		..\CHANGELOG.txt = ..\CHANGELOG.txt
	EndProjectSection
EndProject
Project("{9A19103F-16F7-4668-BE54-9A1E7A4F7556}") = "NSubstitute", "NSubstitute\NSubstitute.csproj", "{B617E52A-E423-4A19-AD4B-6AE4EA6C93DD}"
EndProject
Project("{9A19103F-16F7-4668-BE54-9A1E7A4F7556}") = "NSubstitute.Acceptance.Specs", "NSubstitute.Acceptance.Specs\NSubstitute.Acceptance.Specs.csproj", "{61B05329-D9A6-4C58-A97D-E26CC8C4D5B6}"
EndProject
Global
	GlobalSection(SolutionConfigurationPlatforms) = preSolution
		Debug|Any CPU = Debug|Any CPU
		Release|Any CPU = Release|Any CPU
	EndGlobalSection
	GlobalSection(ProjectConfigurationPlatforms) = postSolution
		{B617E52A-E423-4A19-AD4B-6AE4EA6C93DD}.Debug|Any CPU.ActiveCfg = Debug|Any CPU
		{B617E52A-E423-4A19-AD4B-6AE4EA6C93DD}.Debug|Any CPU.Build.0 = Debug|Any CPU
		{B617E52A-E423-4A19-AD4B-6AE4EA6C93DD}.Release|Any CPU.ActiveCfg = Release|Any CPU
		{B617E52A-E423-4A19-AD4B-6AE4EA6C93DD}.Release|Any CPU.Build.0 = Release|Any CPU
		{61B05329-D9A6-4C58-A97D-E26CC8C4D5B6}.Debug|Any CPU.ActiveCfg = Debug|Any CPU
		{61B05329-D9A6-4C58-A97D-E26CC8C4D5B6}.Debug|Any CPU.Build.0 = Debug|Any CPU
		{61B05329-D9A6-4C58-A97D-E26CC8C4D5B6}.Release|Any CPU.ActiveCfg = Release|Any CPU
		{61B05329-D9A6-4C58-A97D-E26CC8C4D5B6}.Release|Any CPU.Build.0 = Release|Any CPU
	EndGlobalSection
	GlobalSection(SolutionProperties) = preSolution
		HideSolutionNode = FALSE
	EndGlobalSection
EndGlobal
